
Microsoft Visual Studio Solution File, Format Version 12.00
# Visual Studio Version 17
VisualStudioVersion = 17.9.34728.123
MinimumVisualStudioVersion = 10.0.40219.1
Project("{FAE04EC0-301F-11D3-BF4B-00C04F79EFBC}") = "HastaMuayeneSistemi", "HastaMuayeneSistemi.csproj", "{B87266EB-20ED-40B8-825D-6E85DB413C4D}"
EndProject
Global
	GlobalSection(SolutionConfigurationPlatforms) = preSolution
		Debug|Any CPU = Debug|Any CPU
		Release|Any CPU = Release|Any CPU
	EndGlobalSection
	GlobalSection(ProjectConfigurationPlatforms) = postSolution
		{B87266EB-20ED-40B8-825D-6E85DB413C4D}.Debug|Any CPU.ActiveCfg = Debug|Any CPU
		{B87266EB-20ED-40B8-825D-6E85DB413C4D}.Debug|Any CPU.Build.0 = Debug|Any CPU
		{B87266EB-20ED-40B8-825D-6E85DB413C4D}.Release|Any CPU.ActiveCfg = Release|Any CPU
		{B87266EB-20ED-40B8-825D-6E85DB413C4D}.Release|Any CPU.Build.0 = Release|Any CPU
	EndGlobalSection
	GlobalSection(SolutionProperties) = preSolution
		HideSolutionNode = FALSE
	EndGlobalSection
	GlobalSection(ExtensibilityGlobals) = postSolution
		SolutionGuid = {527D761E-7F44-4CC0-9BCD-94C8E82C6F56}
	EndGlobalSection
EndGlobal
